
Microsoft Visual Studio Solution File, Format Version 12.00
# Visual Studio Version 17
VisualStudioVersion = 17.3.32811.315
MinimumVisualStudioVersion = 10.0.40219.1
Project("{FAE04EC0-301F-11D3-BF4B-00C04F79EFBC}") = "JaomixDownloader", "JaomixDownloader\JaomixDownloader.csproj", "{3526A088-FE0C-46ED-B14F-39F86A4E7F56}"
EndProject
Global
	GlobalSection(SolutionConfigurationPlatforms) = preSolution
		Debug|Any CPU = Debug|Any CPU
		Release|Any CPU = Release|Any CPU
	EndGlobalSection
	GlobalSection(ProjectConfigurationPlatforms) = postSolution
		{3526A088-FE0C-46ED-B14F-39F86A4E7F56}.Debug|Any CPU.ActiveCfg = Debug|Any CPU
		{3526A088-FE0C-46ED-B14F-39F86A4E7F56}.Debug|Any CPU.Build.0 = Debug|Any CPU
		{3526A088-FE0C-46ED-B14F-39F86A4E7F56}.Release|Any CPU.ActiveCfg = Release|Any CPU
		{3526A088-FE0C-46ED-B14F-39F86A4E7F56}.Release|Any CPU.Build.0 = Release|Any CPU
	EndGlobalSection
	GlobalSection(SolutionProperties) = preSolution
		HideSolutionNode = FALSE
	EndGlobalSection
	GlobalSection(ExtensibilityGlobals) = postSolution
		SolutionGuid = {2A1FAE50-2BF6-465E-936A-096423CA94D0}
	EndGlobalSection
EndGlobal
